lockfileVersion: 5.4

specifiers:
  nomnom: ^1.8.1

dependencies:
  nomnom: registry.npmmirror.com/nomnom/1.8.1

packages:

  registry.npmmirror.com/ansi-styles/1.0.0:
    resolution: {integrity: sha512-3iF4FIKdxaVYT3JqQuY3Wat/T2t7TRbbQ94Fu50ZUCbLy4TFbTzr90NOHQodQkNqmeEGCw8WbeP78WNi6SKYUA==, registry: https://registry.npm.taobao.org/, tarball: https://registry.npmmirror.com/ansi-styles/-/ansi-styles-1.0.0.tgz}
    name: ansi-styles
    version: 1.0.0
    engines: {node: '>=0.8.0'}
    dev: false

  registry.npmmirror.com/chalk/0.4.0:
    resolution: {integrity: sha512-sQfYDlfv2DGVtjdoQqxS0cEZDroyG8h6TamA6rvxwlrU5BaSLDx9xhatBYl2pxZ7gmpNaPFVwBtdGdu5rQ+tYQ==, registry: https://registry.npm.taobao.org/, tarball: https://registry.npmmirror.com/chalk/-/chalk-0.4.0.tgz}
    name: chalk
    version: 0.4.0
    engines: {node: '>=0.8.0'}
    dependencies:
      ansi-styles: registry.npmmirror.com/ansi-styles/1.0.0
      has-color: registry.npmmirror.com/has-color/0.1.7
      strip-ansi: registry.npmmirror.com/strip-ansi/0.1.1
    dev: false

  registry.npmmirror.com/has-color/0.1.7:
    resolution: {integrity: sha512-kaNz5OTAYYmt646Hkqw50/qyxP2vFnTVu5AQ1Zmk22Kk5+4Qx6BpO8+u7IKsML5fOsFk0ZT0AcCJNYwcvaLBvw==, registry: https://registry.npm.taobao.org/, tarball: https://registry.npmmirror.com/has-color/-/has-color-0.1.7.tgz}
    name: has-color
    version: 0.1.7
    engines: {node: '>=0.10.0'}
    dev: false

  registry.npmmirror.com/nomnom/1.8.1:
    resolution: {integrity: sha512-5s0JxqhDx9/rksG2BTMVN1enjWSvPidpoSgViZU4ZXULyTe+7jxcCRLB6f42Z0l1xYJpleCBtSyY6Lwg3uu5CQ==, registry: https://registry.npm.taobao.org/, tarball: https://registry.npmmirror.com/nomnom/-/nomnom-1.8.1.tgz}
    name: nomnom
    version: 1.8.1
    deprecated: Package no longer supported. Contact support@npmjs.com for more info.
    dependencies:
      chalk: registry.npmmirror.com/chalk/0.4.0
      underscore: registry.npmmirror.com/underscore/1.6.0
    dev: false

  registry.npmmirror.com/strip-ansi/0.1.1:
    resolution: {integrity: sha512-behete+3uqxecWlDAm5lmskaSaISA+ThQ4oNNBDTBJt0x2ppR6IPqfZNuj6BLaLJ/Sji4TPZlcRyOis8wXQTLg==, registry: https://registry.npm.taobao.org/, tarball: https://registry.npmmirror.com/strip-ansi/-/strip-ansi-0.1.1.tgz}
    name: strip-ansi
    version: 0.1.1
    engines: {node: '>=0.8.0'}
    hasBin: true
    dev: false

  registry.npmmirror.com/underscore/1.6.0:
    resolution: {integrity: sha512-z4o1fvKUojIWh9XuaVLUDdf86RQiq13AC1dmHbTpoyuu+bquHms76v16CjycCbec87J7z0k//SiQVk0sMdFmpQ==, registry: https://registry.npm.taobao.org/, tarball: https://registry.npmmirror.com/underscore/-/underscore-1.6.0.tgz}
    name: underscore
    version: 1.6.0
    dev: false
